
Microsoft Visual Studio Solution File, Format Version 12.00
# Visual Studio 15
VisualStudioVersion = 15.0.27004.2008
MinimumVisualStudioVersion = 10.0.40219.1
Project("{FAE04EC0-301F-11D3-BF4B-00C04F79EFBC}") = "lesson1.Android", "lesson1\lesson1.Android\lesson1.Android.csproj", "{5A78C9A6-7894-40E4-9CC2-EBE55F4DBFDB}"
EndProject
Project("{FAE04EC0-301F-11D3-BF4B-00C04F79EFBC}") = "lesson1", "lesson1\lesson1\lesson1.csproj", "{03439E0C-6B77-4AC4-BB56-19223D8A5682}"
EndProject
Project("{FAE04EC0-301F-11D3-BF4B-00C04F79EFBC}") = "lesson1.iOS", "lesson1\lesson1.iOS\lesson1.iOS.csproj", "{9E29C4ED-269B-4E4D-922D-C83FF68BAF2E}"
EndProject
Global
	GlobalSection(SolutionConfigurationPlatforms) = preSolution
		Ad-Hoc|Any CPU = Ad-Hoc|Any CPU
		Ad-Hoc|iPhone = Ad-Hoc|iPhone
		Ad-Hoc|iPhoneSimulator = Ad-Hoc|iPhoneSimulator
		AppStore|Any CPU = AppStore|Any CPU
		AppStore|iPhone = AppStore|iPhone
		AppStore|iPhoneSimulator = AppStore|iPhoneSimulator
		Debug|Any CPU = Debug|Any CPU
		Debug|iPhone = Debug|iPhone
		Debug|iPhoneSimulator = Debug|iPhoneSimulator
		Release|Any CPU = Release|Any CPU
		Release|iPhone = Release|iPhone
		Release|iPhoneSimulator = Release|iPhoneSimulator
	EndGlobalSection
	GlobalSection(ProjectConfigurationPlatforms) = postSolution
		{5A78C9A6-7894-40E4-9CC2-EBE55F4DBFDB}.Ad-Hoc|Any CPU.ActiveCfg = Release|Any CPU
		{5A78C9A6-7894-40E4-9CC2-EBE55F4DBFDB}.Ad-Hoc|Any CPU.Build.0 = Release|Any CPU
		{5A78C9A6-7894-40E4-9CC2-EBE55F4DBFDB}.Ad-Hoc|Any CPU.Deploy.0 = Release|Any CPU
		{5A78C9A6-7894-40E4-9CC2-EBE55F4DBFDB}.Ad-Hoc|iPhone.ActiveCfg = Release|Any CPU
		{5A78C9A6-7894-40E4-9CC2-EBE55F4DBFDB}.Ad-Hoc|iPhone.Build.0 = Release|Any CPU
		{5A78C9A6-7894-40E4-9CC2-EBE55F4DBFDB}.Ad-Hoc|iPhone.Deploy.0 = Release|Any CPU
		{5A78C9A6-7894-40E4-9CC2-EBE55F4DBFDB}.Ad-Hoc|iPhoneSimulator.ActiveCfg = Release|Any CPU
		{5A78C9A6-7894-40E4-9CC2-EBE55F4DBFDB}.Ad-Hoc|iPhoneSimulator.Build.0 = Release|Any CPU
		{5A78C9A6-7894-40E4-9CC2-EBE55F4DBFDB}.Ad-Hoc|iPhoneSimulator.Deploy.0 = Release|Any CPU
		{5A78C9A6-7894-40E4-9CC2-EBE55F4DBFDB}.AppStore|Any CPU.ActiveCfg = Release|Any CPU
		{5A78C9A6-7894-40E4-9CC2-EBE55F4DBFDB}.AppStore|Any CPU.Build.0 = Release|Any CPU
		{5A78C9A6-7894-40E4-9CC2-EBE55F4DBFDB}.AppStore|Any CPU.Deploy.0 = Release|Any CPU
		{5A78C9A6-7894-40E4-9CC2-EBE55F4DBFDB}.AppStore|iPhone.ActiveCfg = Release|Any CPU
		{5A78C9A6-7894-40E4-9CC2-EBE55F4DBFDB}.AppStore|iPhone.Build.0 = Release|Any CPU
		{5A78C9A6-7894-40E4-9CC2-EBE55F4DBFDB}.AppStore|iPhone.Deploy.0 = Release|Any CPU
		{5A78C9A6-7894-40E4-9CC2-EBE55F4DBFDB}.AppStore|iPhoneSimulator.ActiveCfg = Release|Any CPU
		{5A78C9A6-7894-40E4-9CC2-EBE55F4DBFDB}.AppStore|iPhoneSimulator.Build.0 = Release|Any CPU
		{5A78C9A6-7894-40E4-9CC2-EBE55F4DBFDB}.AppStore|iPhoneSimulator.Deploy.0 = Release|Any CPU
		{5A78C9A6-7894-40E4-9CC2-EBE55F4DBFDB}.Debug|Any CPU.ActiveCfg = Debug|Any CPU
		{5A78C9A6-7894-40E4-9CC2-EBE55F4DBFDB}.Debug|Any CPU.Build.0 = Debug|Any CPU
		{5A78C9A6-7894-40E4-9CC2-EBE55F4DBFDB}.Debug|Any CPU.Deploy.0 = Debug|Any CPU
		{5A78C9A6-7894-40E4-9CC2-EBE55F4DBFDB}.Debug|iPhone.ActiveCfg = Debug|Any CPU
		{5A78C9A6-7894-40E4-9CC2-EBE55F4DBFDB}.Debug|iPhone.Build.0 = Debug|Any CPU
		{5A78C9A6-7894-40E4-9CC2-EBE55F4DBFDB}.Debug|iPhone.Deploy.0 = Debug|Any CPU
		{5A78C9A6-7894-40E4-9CC2-EBE55F4DBFDB}.Debug|iPhoneSimulator.ActiveCfg = Debug|Any CPU
		{5A78C9A6-7894-40E4-9CC2-EBE55F4DBFDB}.Debug|iPhoneSimulator.Build.0 = Debug|Any CPU
		{5A78C9A6-7894-40E4-9CC2-EBE55F4DBFDB}.Debug|iPhoneSimulator.Deploy.0 = Debug|Any CPU
		{5A78C9A6-7894-40E4-9CC2-EBE55F4DBFDB}.Release|Any CPU.ActiveCfg = Release|Any CPU
		{5A78C9A6-7894-40E4-9CC2-EBE55F4DBFDB}.Release|Any CPU.Build.0 = Release|Any CPU
		{5A78C9A6-7894-40E4-9CC2-EBE55F4DBFDB}.Release|Any CPU.Deploy.0 = Release|Any CPU
		{5A78C9A6-7894-40E4-9CC2-EBE55F4DBFDB}.Release|iPhone.ActiveCfg = Release|Any CPU
		{5A78C9A6-7894-40E4-9CC2-EBE55F4DBFDB}.Release|iPhone.Build.0 = Release|Any CPU
		{5A78C9A6-7894-40E4-9CC2-EBE55F4DBFDB}.Release|iPhone.Deploy.0 = Release|Any CPU
		{5A78C9A6-7894-40E4-9CC2-EBE55F4DBFDB}.Release|iPhoneSimulator.ActiveCfg = Release|Any CPU
		{5A78C9A6-7894-40E4-9CC2-EBE55F4DBFDB}.Release|iPhoneSimulator.Build.0 = Release|Any CPU
		{5A78C9A6-7894-40E4-9CC2-EBE55F4DBFDB}.Release|iPhoneSimulator.Deploy.0 = Release|Any CPU
		{03439E0C-6B77-4AC4-BB56-19223D8A5682}.Ad-Hoc|Any CPU.ActiveCfg = Release|Any CPU
		{03439E0C-6B77-4AC4-BB56-19223D8A5682}.Ad-Hoc|Any CPU.Build.0 = Release|Any CPU
		{03439E0C-6B77-4AC4-BB56-19223D8A5682}.Ad-Hoc|iPhone.ActiveCfg = Release|Any CPU
		{03439E0C-6B77-4AC4-BB56-19223D8A5682}.Ad-Hoc|iPhone.Build.0 = Release|Any CPU
		{03439E0C-6B77-4AC4-BB56-19223D8A5682}.Ad-Hoc|iPhoneSimulator.ActiveCfg = Release|Any CPU
		{03439E0C-6B77-4AC4-BB56-19223D8A5682}.Ad-Hoc|iPhoneSimulator.Build.0 = Release|Any CPU
		{03439E0C-6B77-4AC4-BB56-19223D8A5682}.AppStore|Any CPU.ActiveCfg = Release|Any CPU
		{03439E0C-6B77-4AC4-BB56-19223D8A5682}.AppStore|Any CPU.Build.0 = Release|Any CPU
		{03439E0C-6B77-4AC4-BB56-19223D8A5682}.AppStore|iPhone.ActiveCfg = Release|Any CPU
		{03439E0C-6B77-4AC4-BB56-19223D8A5682}.AppStore|iPhone.Build.0 = Release|Any CPU
		{03439E0C-6B77-4AC4-BB56-19223D8A5682}.AppStore|iPhoneSimulator.ActiveCfg = Release|Any CPU
		{03439E0C-6B77-4AC4-BB56-19223D8A5682}.AppStore|iPhoneSimulator.Build.0 = Release|Any CPU
		{03439E0C-6B77-4AC4-BB56-19223D8A5682}.Debug|Any CPU.ActiveCfg = Debug|Any CPU
		{03439E0C-6B77-4AC4-BB56-19223D8A5682}.Debug|Any CPU.Build.0 = Debug|Any CPU
		{03439E0C-6B77-4AC4-BB56-19223D8A5682}.Debug|iPhone.ActiveCfg = Debug|Any CPU
		{03439E0C-6B77-4AC4-BB56-19223D8A5682}.Debug|iPhone.Build.0 = Debug|Any CPU
		{03439E0C-6B77-4AC4-BB56-19223D8A5682}.Debug|iPhoneSimulator.ActiveCfg = Debug|Any CPU
		{03439E0C-6B77-4AC4-BB56-19223D8A5682}.Debug|iPhoneSimulator.Build.0 = Debug|Any CPU
		{03439E0C-6B77-4AC4-BB56-19223D8A5682}.Release|Any CPU.ActiveCfg = Release|Any CPU
		{03439E0C-6B77-4AC4-BB56-19223D8A5682}.Release|Any CPU.Build.0 = Release|Any CPU
		{03439E0C-6B77-4AC4-BB56-19223D8A5682}.Release|iPhone.ActiveCfg = Release|Any CPU
		{03439E0C-6B77-4AC4-BB56-19223D8A5682}.Release|iPhone.Build.0 = Release|Any CPU
		{03439E0C-6B77-4AC4-BB56-19223D8A5682}.Release|iPhoneSimulator.ActiveCfg = Release|Any CPU
		{03439E0C-6B77-4AC4-BB56-19223D8A5682}.Release|iPhoneSimulator.Build.0 = Release|Any CPU
		{9E29C4ED-269B-4E4D-922D-C83FF68BAF2E}.Ad-Hoc|Any CPU.ActiveCfg = Ad-Hoc|iPhoneSimulator
		{9E29C4ED-269B-4E4D-922D-C83FF68BAF2E}.Ad-Hoc|iPhone.ActiveCfg = Ad-Hoc|iPhone
		{9E29C4ED-269B-4E4D-922D-C83FF68BAF2E}.Ad-Hoc|iPhone.Build.0 = Ad-Hoc|iPhone
		{9E29C4ED-269B-4E4D-922D-C83FF68BAF2E}.Ad-Hoc|iPhoneSimulator.ActiveCfg = Ad-Hoc|iPhoneSimulator
		{9E29C4ED-269B-4E4D-922D-C83FF68BAF2E}.Ad-Hoc|iPhoneSimulator.Build.0 = Ad-Hoc|iPhoneSimulator
		{9E29C4ED-269B-4E4D-922D-C83FF68BAF2E}.AppStore|Any CPU.ActiveCfg = AppStore|iPhoneSimulator
		{9E29C4ED-269B-4E4D-922D-C83FF68BAF2E}.AppStore|iPhone.ActiveCfg = AppStore|iPhone
		{9E29C4ED-269B-4E4D-922D-C83FF68BAF2E}.AppStore|iPhone.Build.0 = AppStore|iPhone
		{9E29C4ED-269B-4E4D-922D-C83FF68BAF2E}.AppStore|iPhoneSimulator.ActiveCfg = AppStore|iPhoneSimulator
		{9E29C4ED-269B-4E4D-922D-C83FF68BAF2E}.AppStore|iPhoneSimulator.Build.0 = AppStore|iPhoneSimulator
		{9E29C4ED-269B-4E4D-922D-C83FF68BAF2E}.Debug|Any CPU.ActiveCfg = Debug|iPhoneSimulator
		{9E29C4ED-269B-4E4D-922D-C83FF68BAF2E}.Debug|iPhone.ActiveCfg = Debug|iPhone
		{9E29C4ED-269B-4E4D-922D-C83FF68BAF2E}.Debug|iPhone.Build.0 = Debug|iPhone
		{9E29C4ED-269B-4E4D-922D-C83FF68BAF2E}.Debug|iPhoneSimulator.ActiveCfg = Debug|iPhoneSimulator
		{9E29C4ED-269B-4E4D-922D-C83FF68BAF2E}.Debug|iPhoneSimulator.Build.0 = Debug|iPhoneSimulator
		{9E29C4ED-269B-4E4D-922D-C83FF68BAF2E}.Release|Any CPU.ActiveCfg = Release|iPhoneSimulator
		{9E29C4ED-269B-4E4D-922D-C83FF68BAF2E}.Release|iPhone.ActiveCfg = Release|iPhone
		{9E29C4ED-269B-4E4D-922D-C83FF68BAF2E}.Release|iPhone.Build.0 = Release|iPhone
		{9E29C4ED-269B-4E4D-922D-C83FF68BAF2E}.Release|iPhoneSimulator.ActiveCfg = Release|iPhoneSimulator
		{9E29C4ED-269B-4E4D-922D-C83FF68BAF2E}.Release|iPhoneSimulator.Build.0 = Release|iPhoneSimulator
	EndGlobalSection
	GlobalSection(SolutionProperties) = preSolution
		HideSolutionNode = FALSE
	EndGlobalSection
	GlobalSection(ExtensibilityGlobals) = postSolution
		SolutionGuid = {E2E5BED5-3F8E-4689-B207-55388D83E7B2}
	EndGlobalSection
EndGlobal
